
Microsoft Visual Studio Solution File, Format Version 12.00
# Visual Studio 15
VisualStudioVersion = 15.0.28307.852
MinimumVisualStudioVersion = 10.0.40219.1
Project("{FAE04EC0-301F-11D3-BF4B-00C04F79EFBC}") = "ColumnarTransposition", "ColumnarTransposition\ColumnarTransposition.csproj", "{362F6C26-1AA0-47D5-BEE0-A3CEBA800B33}"
EndProject
Project("{FAE04EC0-301F-11D3-BF4B-00C04F79EFBC}") = "CaesarCipher", "CaesarCipher\CaesarCipher.csproj", "{21862ADE-28F3-48AE-AE1D-79FD32D9D3E5}"
EndProject
Project("{FAE04EC0-301F-11D3-BF4B-00C04F79EFBC}") = "VigenereCipher", "VigenereCipher\VigenereCipher.csproj", "{26169277-C67B-4B4E-B598-9CD7567B4DDE}"
EndProject
Global
	GlobalSection(SolutionConfigurationPlatforms) = preSolution
		Debug|Any CPU = Debug|Any CPU
		Release|Any CPU = Release|Any CPU
	EndGlobalSection
	GlobalSection(ProjectConfigurationPlatforms) = postSolution
		{362F6C26-1AA0-47D5-BEE0-A3CEBA800B33}.Debug|Any CPU.ActiveCfg = Debug|Any CPU
		{362F6C26-1AA0-47D5-BEE0-A3CEBA800B33}.Debug|Any CPU.Build.0 = Debug|Any CPU
		{362F6C26-1AA0-47D5-BEE0-A3CEBA800B33}.Release|Any CPU.ActiveCfg = Release|Any CPU
		{362F6C26-1AA0-47D5-BEE0-A3CEBA800B33}.Release|Any CPU.Build.0 = Release|Any CPU
		{21862ADE-28F3-48AE-AE1D-79FD32D9D3E5}.Debug|Any CPU.ActiveCfg = Debug|Any CPU
		{21862ADE-28F3-48AE-AE1D-79FD32D9D3E5}.Debug|Any CPU.Build.0 = Debug|Any CPU
		{21862ADE-28F3-48AE-AE1D-79FD32D9D3E5}.Release|Any CPU.ActiveCfg = Release|Any CPU
		{21862ADE-28F3-48AE-AE1D-79FD32D9D3E5}.Release|Any CPU.Build.0 = Release|Any CPU
		{26169277-C67B-4B4E-B598-9CD7567B4DDE}.Debug|Any CPU.ActiveCfg = Debug|Any CPU
		{26169277-C67B-4B4E-B598-9CD7567B4DDE}.Debug|Any CPU.Build.0 = Debug|Any CPU
		{26169277-C67B-4B4E-B598-9CD7567B4DDE}.Release|Any CPU.ActiveCfg = Release|Any CPU
		{26169277-C67B-4B4E-B598-9CD7567B4DDE}.Release|Any CPU.Build.0 = Release|Any CPU
	EndGlobalSection
	GlobalSection(SolutionProperties) = preSolution
		HideSolutionNode = FALSE
	EndGlobalSection
	GlobalSection(ExtensibilityGlobals) = postSolution
		SolutionGuid = {3FE46EEE-0A1A-445C-815C-2EBBE85C4533}
	EndGlobalSection
EndGlobal
